# This file was autogenerated by Stack.
# You should not edit this file by hand.
# For more information, please see the documentation at:
#   https://docs.haskellstack.org/en/stable/lock_files

packages:
- completed:
    hackage: xmobar-0.44@sha256:4536aed76a7de5a0b8f1f054c81a878a21fe17f3a8a587209aa430e86f396eaa,14754
    pantry-tree:
      sha256: 96125af352c8aac38b2dabf54da959b6a9af5fac817ac8f386a844465ae00aff
      size: 9344
  original:
    hackage: xmobar-0.44
- completed:
    hackage: netlink-1.1.1.0@sha256:d83424b5ba9921191449e4b1f53c7cba7f4375f2c55a9b737c77e982e1f40d00,3689
    pantry-tree:
      sha256: 42a57a2db0d8b44e04a04905ed56994b7293d2f244595bf3e65480c36d114ac3
      size: 1598
  original:
    hackage: netlink-1.1.1.0
snapshots:
- completed:
    sha256: c11fcbeb1aa12761044755b1109d16952ede2cb6147ebde777dd5cb38f784501
    size: 649333
    url: https://raw.githubusercontent.com/commercialhaskell/stackage-snapshots/master/lts/20/9.yaml
  original:
    url: https://raw.githubusercontent.com/commercialhaskell/stackage-snapshots/master/lts/20/9.yaml
