# This file was autogenerated by Stack.
# You should not edit this file by hand.
# For more information, please see the documentation at:
#   https://docs.haskellstack.org/en/stable/lock_files

packages:
- completed:
    hackage: taffybar-4.0.0@sha256:667ccc958f6d793d3c4cdee3578f8586387ff3c86df02bee0ce130e115b1329b,7029
    pantry-tree:
      sha256: 38867928e5d44a3af92cedd5b3ada01101e4724ae1dff0e6951244cccc626bff
      size: 6032
  original:
    hackage: taffybar-4.0.0
snapshots:
- completed:
    sha256: 7f47507fd037228a8d23cf830f5844e1f006221acebdd7cb49f2f5fb561e0546
    size: 619161
    url: https://raw.githubusercontent.com/commercialhaskell/stackage-snapshots/master/lts/19/17.yaml
  original: lts-19.17
